# This file is automatically @generated by Cargo.
# It is not intended for manual editing.
version = 4

[[package]]
name = "allocator-api2"
version = "0.2.21"
source = "registry+https://github.com/rust-lang/crates.io-index"
checksum = "683d7910e743518b0e34f1186f92494becacb047c7b6bf616c96772180fef923"

[[package]]
name = "arrayvec"
version = "0.7.8"
source = "registry+https://github.com/rust-lang/crates.io-index"
checksum = "d3fb67a6e08acf24fdeccbac2cb6ac4305825bd1f117462e0e6f2f193345ad56"

[[package]]
name = "autocfg"
version = "1.5.1"
source = "registry+https://github.com/rust-lang/crates.io-index"
checksum = "f2032f911046de80f0a198e0901378627c33f59ea0ac00e363d481118bd70a53"

[[package]]
name = "bitflags"
version = "2.13.0"
source = "registry+https://github.com/rust-lang/crates.io-index"
checksum = "b4388bee8683e3d04af747c73422af53102d2bd24d9eadb6cbc100baef4b43f8"

[[package]]
name = "borsh"
version = "1.7.0"
source = "registry+https://github.com/rust-lang/crates.io-index"
checksum = "2f3f6da4992df95bbcd9af42a6c7dcb994498fc9048230405f3b36ff7cd3f145"
dependencies = [
 "bytes",
 "cfg_aliases",
]

[[package]]
name = "boxcar"
version = "0.2.14"
source = "registry+https://github.com/rust-lang/crates.io-index"
checksum = "36f64beae40a84da1b4b26ff2761a5b895c12adc41dc25aaee1c4f2bbfe97a6e"

[[package]]
name = "bytes"
version = "1.12.0"
source = "registry+https://github.com/rust-lang/crates.io-index"
checksum = "8ae3f5d315924270530207e2a68396c3cc547f6dca3fbdca317cfb1a51edb593"

[[package]]
name = "camino"
version = "1.2.4"
source = "registry+https://github.com/rust-lang/crates.io-index"
checksum = "5f2d30e4173c4026932d51d31d6b0613b1fd3014bf3f9f8943d4ba139c437ba0"

[[package]]
name = "cfg-if"
version = "1.0.4"
source = "registry+https://github.com/rust-lang/crates.io-index"
checksum = "9330f8b2ff13f34540b44e946ef35111825727b38d33286ef986142615121801"

[[package]]
name = "cfg_aliases"
version = "0.2.1"
source = "registry+https://github.com/rust-lang/crates.io-index"
checksum = "613afe47fcd5fac7ccf1db93babcb082c5994d996f20b8b159f2ad1658eb5724"

[[package]]
name = "countme"
version = "3.0.1"
source = "registry+https://github.com/rust-lang/crates.io-index"
checksum = "7704b5fdd17b18ae31c4c1da5a2e0305a2bf17b5249300a9ee9ed7b72114c636"

[[package]]
name = "cov-mark"
version = "2.2.0"
source = "registry+https://github.com/rust-lang/crates.io-index"
checksum = "90863d8442510cddf7f46618c4f92413774635771a3e80830c8b30d183420b14"

[[package]]
name = "crossbeam-channel"
version = "0.5.15"
source = "registry+https://github.com/rust-lang/crates.io-index"
checksum = "82b8f8f868b36967f9606790d1903570de9ceaf870a7bf9fbbd3016d636a2cb2"
dependencies = [
 "crossbeam-utils",
]

[[package]]
name = "crossbeam-deque"
version = "0.8.6"
source = "registry+https://github.com/rust-lang/crates.io-index"
checksum = "9dd111b7b7f7d55b72c0a6ae361660ee5853c9af73f70c3c2ef6858b950e2e51"
dependencies = [
 "crossbeam-epoch",
 "crossbeam-utils",
]

[[package]]
name = "crossbeam-epoch"
version = "0.9.18"
source = "registry+https://github.com/rust-lang/crates.io-index"
checksum = "5b82ac4a3c2ca9c3460964f020e1402edd5753411d7737aa39c3714ad1b5420e"
dependencies = [
 "crossbeam-utils",
]

[[package]]
name = "crossbeam-queue"
version = "0.3.12"
source = "registry+https://github.com/rust-lang/crates.io-index"
checksum = "0f58bbc28f91df819d0aa2a2c00cd19754769c2fad90579b3592b1c9ba7a3115"
dependencies = [
 "crossbeam-utils",
]

[[package]]
name = "crossbeam-utils"
version = "0.8.21"
source = "registry+https://github.com/rust-lang/crates.io-index"
checksum = "d0a5c400df2834b80a4c3327b3aad3a4c4cd4de0629063962b03235697506a28"

[[package]]
name = "dashmap"
version = "6.1.0"
source = "registry+https://github.com/rust-lang/crates.io-index"
checksum = "5041cc499144891f3790297212f32a74fb938e5136a14943f338ef9e0ae276cf"
dependencies = [
 "cfg-if",
 "crossbeam-utils",
 "hashbrown 0.14.5",
 "lock_api",
 "once_cell",
 "parking_lot_core",
]

[[package]]
name = "deranged"
version = "0.5.8"
source = "registry+https://github.com/rust-lang/crates.io-index"
checksum = "7cd812cc2bc1d69d4764bd80df88b4317eaef9e773c75226407d9bc0876b211c"

[[package]]
name = "derive-where"
version = "1.6.1"
source = "registry+https://github.com/rust-lang/crates.io-index"
checksum = "d08b3a0bcc0d079199cd476b2cae8435016ec11d1c0986c6901c5ac223041534"
dependencies = [
 "proc-macro2",
 "quote",
 "syn",
]

[[package]]
name = "displaydoc"
version = "0.2.6"
source = "registry+https://github.com/rust-lang/crates.io-index"
checksum = "1ac70aa55017e108007fbaf5aa0f54b021c98f92ff8af59d42eda9da96e3dd4f"
dependencies = [
 "proc-macro2",
 "quote",
 "syn",
]

[[package]]
name = "dissimilar"
version = "1.0.11"
source = "registry+https://github.com/rust-lang/crates.io-index"
checksum = "aeda16ab4059c5fd2a83f2b9c9e9c981327b18aa8e3b313f7e6563799d4f093e"

[[package]]
name = "dot"
version = "0.1.4"
source = "registry+https://github.com/rust-lang/crates.io-index"
checksum = "a74b6c4d4a1cff5f454164363c16b72fa12463ca6b31f4b5f2035a65fa3d5906"

[[package]]
name = "drop_bomb"
version = "0.1.5"
source = "registry+https://github.com/rust-lang/crates.io-index"
checksum = "9bda8e21c04aca2ae33ffc2fd8c23134f3cac46db123ba97bd9d3f3b8a4a85e1"

[[package]]
name = "either"
version = "1.16.0"
source = "registry+https://github.com/rust-lang/crates.io-index"
checksum = "91622ff5e7162018101f2fea40d6ebf4a78bbe5a49736a2020649edf9693679e"

[[package]]
name = "ena"
version = "0.14.4"
source = "registry+https://github.com/rust-lang/crates.io-index"
checksum = "eabffdaee24bd1bf95c5ef7cec31260444317e72ea56c4c91750e8b7ee58d5f1"
dependencies = [
 "log",
]

[[package]]
name = "equivalent"
version = "1.0.2"
source = "registry+https://github.com/rust-lang/crates.io-index"
checksum = "877a4ace8713b0bcf2a4e7eec82529c029f1d0619886d18145fea96c3ffe5c0f"

[[package]]
name = "fixedbitset"
version = "0.5.7"
source = "registry+https://github.com/rust-lang/crates.io-index"
checksum = "1d674e81391d1e1ab681a28d99df07927c6d4aa5b027d7da16ba32d1d21ecd99"

[[package]]
name = "foldhash"
version = "0.1.5"
source = "registry+https://github.com/rust-lang/crates.io-index"
checksum = "d9c4f5dac5e15c24eb999c26181a6ca40b39fe946cbe4c263c7209467bc83af2"

[[package]]
name = "foldhash"
version = "0.2.0"
source = "registry+https://github.com/rust-lang/crates.io-index"
checksum = "77ce24cb58228fbb8aa041425bb1050850ac19177686ea6e0f41a70416f56fdb"

[[package]]
name = "form_urlencoded"
version = "1.2.2"
source = "registry+https://github.com/rust-lang/crates.io-index"
checksum = "cb4cb245038516f5f85277875cdaa4f7d2c9a0fa0468de06ed190163b1581fcf"
dependencies = [
 "percent-encoding",
]

[[package]]
name = "fst"
version = "0.4.7"
source = "registry+https://github.com/rust-lang/crates.io-index"
checksum = "7ab85b9b05e3978cc9a9cf8fea7f01b494e1a09ed3037e16ba39edc7a29eb61a"

[[package]]
name = "hashbrown"
version = "0.14.5"
source = "registry+https://github.com/rust-lang/crates.io-index"
checksum = "e5274423e17b7c9fc20b6e7e208532f9b19825d82dfd615708b70edd83df41f1"

[[package]]
name = "hashbrown"
version = "0.15.5"
source = "registry+https://github.com/rust-lang/crates.io-index"
checksum = "9229cfe53dfd69f0609a49f65461bd93001ea1ef889cd5529dd176593f5338a1"
dependencies = [
 "foldhash 0.1.5",
]

[[package]]
name = "hashbrown"
version = "0.17.1"
source = "registry+https://github.com/rust-lang/crates.io-index"
checksum = "ed5909b6e89a2db4456e54cd5f673791d7eca6732202bbf2a9cc504fe2f9b84a"
dependencies = [
 "allocator-api2",
 "equivalent",
 "foldhash 0.2.0",
]

[[package]]
name = "hashlink"
version = "0.10.0"
source = "registry+https://github.com/rust-lang/crates.io-index"
checksum = "7382cf6263419f2d8df38c55d7da83da5c18aef87fc7a7fc1fb1e344edfe14c1"
dependencies = [
 "hashbrown 0.15.5",
]

[[package]]
name = "home"
version = "0.5.12"
source = "registry+https://github.com/rust-lang/crates.io-index"
checksum = "cc627f471c528ff0c4a49e1d5e60450c8f6461dd6d10ba9dcd3a61d3dff7728d"
dependencies = [
 "windows-sys",
]

[[package]]
name = "hot-rust-poc"
version = "0.1.0"
dependencies = [
 "ra_ap_ide",
 "ra_ap_paths",
 "ra_ap_syntax",
 "serde_json",
 "triomphe",
]

[[package]]
name = "icu_collections"
version = "2.2.0"
source = "registry+https://github.com/rust-lang/crates.io-index"
checksum = "2984d1cd16c883d7935b9e07e44071dca8d917fd52ecc02c04d5fa0b5a3f191c"
dependencies = [
 "displaydoc",
 "potential_utf",
 "utf8_iter",
 "yoke",
 "zerofrom",
 "zerovec",
]

[[package]]
name = "icu_locale_core"
version = "2.2.0"
source = "registry+https://github.com/rust-lang/crates.io-index"
checksum = "92219b62b3e2b4d88ac5119f8904c10f8f61bf7e95b640d25ba3075e6cac2c29"
dependencies = [
 "displaydoc",
 "litemap",
 "tinystr",
 "writeable",
 "zerovec",
]

[[package]]
name = "icu_normalizer"
version = "2.2.0"
source = "registry+https://github.com/rust-lang/crates.io-index"
checksum = "c56e5ee99d6e3d33bd91c5d85458b6005a22140021cc324cea84dd0e72cff3b4"
dependencies = [
 "icu_collections",
 "icu_normalizer_data",
 "icu_properties",
 "icu_provider",
 "smallvec",
 "zerovec",
]

[[package]]
name = "icu_normalizer_data"
version = "2.2.0"
source = "registry+https://github.com/rust-lang/crates.io-index"
checksum = "da3be0ae77ea334f4da67c12f149704f19f81d1adf7c51cf482943e84a2bad38"

[[package]]
name = "icu_properties"
version = "2.2.0"
source = "registry+https://github.com/rust-lang/crates.io-index"
checksum = "bee3b67d0ea5c2cca5003417989af8996f8604e34fb9ddf96208a033901e70de"
dependencies = [
 "icu_collections",
 "icu_locale_core",
 "icu_properties_data",
 "icu_provider",
 "zerotrie",
 "zerovec",
]

[[package]]
name = "icu_properties_data"
version = "2.2.0"
source = "registry+https://github.com/rust-lang/crates.io-index"
checksum = "8e2bbb201e0c04f7b4b3e14382af113e17ba4f63e2c9d2ee626b720cbce54a14"

[[package]]
name = "icu_provider"
version = "2.2.0"
source = "registry+https://github.com/rust-lang/crates.io-index"
checksum = "139c4cf31c8b5f33d7e199446eff9c1e02decfc2f0eec2c8d71f65befa45b421"
dependencies = [
 "displaydoc",
 "icu_locale_core",
 "writeable",
 "yoke",
 "zerofrom",
 "zerotrie",
 "zerovec",
]

[[package]]
name = "idna"
version = "1.1.0"
source = "registry+https://github.com/rust-lang/crates.io-index"
checksum = "3b0875f23caa03898994f6ddc501886a45c7d3d62d04d2d90788d47be1b1e4de"
dependencies = [
 "idna_adapter",
 "smallvec",
 "utf8_iter",
]

[[package]]
name = "idna_adapter"
version = "1.2.2"
source = "registry+https://github.com/rust-lang/crates.io-index"
checksum = "cb68373c0d6620ef8105e855e7745e18b0d00d3bdb07fb532e434244cdb9a714"
dependencies = [
 "icu_normalizer",
 "icu_properties",
]

[[package]]
name = "indexmap"
version = "2.14.0"
source = "registry+https://github.com/rust-lang/crates.io-index"
checksum = "d466e9454f08e4a911e14806c24e16fba1b4c121d1ea474396f396069cf949d9"
dependencies = [
 "equivalent",
 "hashbrown 0.17.1",
 "serde",
 "serde_core",
]

[[package]]
name = "intrusive-collections"
version = "0.9.7"
source = "registry+https://github.com/rust-lang/crates.io-index"
checksum = "189d0897e4cbe8c75efedf3502c18c887b05046e59d28404d4d8e46cbc4d1e86"
dependencies = [
 "memoffset",
]

[[package]]
name = "inventory"
version = "0.3.24"
source = "registry+https://github.com/rust-lang/crates.io-index"
checksum = "a4f0c30c76f2f4ccee3fe55a2435f691ca00c0e4bd87abe4f4a851b1d4dac39b"
dependencies = [
 "rustversion",
]

[[package]]
name = "itertools"
version = "0.14.0"
source = "registry+https://github.com/rust-lang/crates.io-index"
checksum = "2b192c782037fadd9cfa75548310488aabdbf3d2da73885b31bd0abd03351285"
dependencies = [
 "either",
]

[[package]]
name = "itoa"
version = "1.0.18"
source = "registry+https://github.com/rust-lang/crates.io-index"
checksum = "8f42a60cbdf9a97f5d2305f08a87dc4e09308d1276d28c869c684d7777685682"

[[package]]
name = "jod-thread"
version = "1.0.0"
source = "registry+https://github.com/rust-lang/crates.io-index"
checksum = "a037eddb7d28de1d0fc42411f501b53b75838d313908078d6698d064f3029b24"

[[package]]
name = "la-arena"
version = "0.3.1"
source = "registry+https://github.com/rust-lang/crates.io-index"
checksum = "3752f229dcc5a481d60f385fa479ff46818033d881d2d801aa27dffcfb5e8306"

[[package]]
name = "lazy_static"
version = "1.5.0"
source = "registry+https://github.com/rust-lang/crates.io-index"
checksum = "bbd2bcb4c963f2ddae06a2efc7e9f3591312473c50c6685e1f298068316e66fe"

[[package]]
name = "libc"
version = "0.2.186"
source = "registry+https://github.com/rust-lang/crates.io-index"
checksum = "68ab91017fe16c622486840e4c83c9a37afeff978bd239b5293d61ece587de66"

[[package]]
name = "line-index"
version = "0.1.2"
source = "registry+https://github.com/rust-lang/crates.io-index"
checksum = "3e27e0ed5a392a7f5ba0b3808a2afccff16c64933312c84b57618b49d1209bd2"
dependencies = [
 "nohash-hasher",
 "text-size",
]

[[package]]
name = "litemap"
version = "0.8.2"
source = "registry+https://github.com/rust-lang/crates.io-index"
checksum = "92daf443525c4cce67b150400bc2316076100ce0b3686209eb8cf3c31612e6f0"

[[package]]
name = "lock_api"
version = "0.4.14"
source = "registry+https://github.com/rust-lang/crates.io-index"
checksum = "224399e74b87b5f3557511d98dff8b14089b3dadafcab6bb93eab67d3aace965"
dependencies = [
 "scopeguard",
]

[[package]]
name = "log"
version = "0.4.33"
source = "registry+https://github.com/rust-lang/crates.io-index"
checksum = "0ceec5bc11778974d1bcb055b18002eba7f4b3518b6a0081b3af5f21666da9ad"

[[package]]
name = "memchr"
version = "2.8.2"
source = "registry+https://github.com/rust-lang/crates.io-index"
checksum = "88904434abc2901f197fe8cc55f0445e7ded921dba5911dad2e2b39b48e663c4"

[[package]]
name = "memoffset"
version = "0.9.1"
source = "registry+https://github.com/rust-lang/crates.io-index"
checksum = "488016bfae457b036d996092f6cb448677611ce4449e970ceaf42695203f218a"
dependencies = [
 "autocfg",
]

[[package]]
name = "miow"
version = "0.6.1"
source = "registry+https://github.com/rust-lang/crates.io-index"
checksum = "536bfad37a309d62069485248eeaba1e8d9853aaf951caaeaed0585a95346f08"
dependencies = [
 "windows-sys",
]

[[package]]
name = "nohash-hasher"
version = "0.2.0"
source = "registry+https://github.com/rust-lang/crates.io-index"
checksum = "2bf50223579dc7cdcfb3bfcacf7069ff68243f8c363f62ffa99cf000a6b9c451"

[[package]]
name = "nu-ansi-term"
version = "0.50.3"
source = "registry+https://github.com/rust-lang/crates.io-index"
checksum = "7957b9740744892f114936ab4a57b3f487491bbeafaf8083688b16841a4240e5"
dependencies = [
 "windows-sys",
]

[[package]]
name = "num-conv"
version = "0.2.2"
source = "registry+https://github.com/rust-lang/crates.io-index"
checksum = "521739c6d2bac4aa25192232afe6841231376b2b26d4d9fae5ecf8ca5772e441"

[[package]]
name = "num_threads"
version = "0.1.7"
source = "registry+https://github.com/rust-lang/crates.io-index"
checksum = "5c7398b9c8b70908f6371f47ed36737907c87c52af34c268fed0bf0ceb92ead9"
dependencies = [
 "libc",
]

[[package]]
name = "once_cell"
version = "1.21.4"
source = "registry+https://github.com/rust-lang/crates.io-index"
checksum = "9f7c3e4beb33f85d45ae3e3a1792185706c8e16d043238c593331cc7cd313b50"

[[package]]
name = "oorandom"
version = "11.1.5"
source = "registry+https://github.com/rust-lang/crates.io-index"
checksum = "d6790f58c7ff633d8771f42965289203411a5e5c68388703c06e14f24770b41e"

[[package]]
name = "parking_lot"
version = "0.12.5"
source = "registry+https://github.com/rust-lang/crates.io-index"
checksum = "93857453250e3077bd71ff98b6a65ea6621a19bb0f559a85248955ac12c45a1a"
dependencies = [
 "lock_api",
 "parking_lot_core",
]

[[package]]
name = "parking_lot_core"
version = "0.9.12"
source = "registry+https://github.com/rust-lang/crates.io-index"
checksum = "2621685985a2ebf1c516881c026032ac7deafcda1a2c9b7850dc81e3dfcb64c1"
dependencies = [
 "cfg-if",
 "libc",
 "redox_syscall",
 "smallvec",
 "windows-link",
]

[[package]]
name = "percent-encoding"
version = "2.3.2"
source = "registry+https://github.com/rust-lang/crates.io-index"
checksum = "9b4f627cb1b25917193a259e49bdad08f671f8d9708acfd5fe0a8c1455d87220"

[[package]]
name = "perf-event"
version = "0.4.8"
source = "registry+https://github.com/rust-lang/crates.io-index"
checksum = "b4d6393d9238342159080d79b78cb59c67399a8e7ecfa5d410bd614169e4e823"
dependencies = [
 "libc",
 "perf-event-open-sys",
]

[[package]]
name = "perf-event-open-sys"
version = "4.0.0"
source = "registry+https://github.com/rust-lang/crates.io-index"
checksum = "7c44fb1c7651a45a3652c4afc6e754e40b3d6e6556f1487e2b230bfc4f33c2a8"
dependencies = [
 "libc",
]

[[package]]
name = "petgraph"
version = "0.8.3"
source = "registry+https://github.com/rust-lang/crates.io-index"
checksum = "8701b58ea97060d5e5b155d383a69952a60943f0e6dfe30b04c287beb0b27455"
dependencies = [
 "fixedbitset",
 "hashbrown 0.15.5",
 "indexmap",
]

[[package]]
name = "pin-project-lite"
version = "0.2.17"
source = "registry+https://github.com/rust-lang/crates.io-index"
checksum = "a89322df9ebe1c1578d689c92318e070967d1042b512afbe49518723f4e6d5cd"

[[package]]
name = "portable-atomic"
version = "1.13.1"
source = "registry+https://github.com/rust-lang/crates.io-index"
checksum = "c33a9471896f1c69cecef8d20cbe2f7accd12527ce60845ff44c153bb2a21b49"

[[package]]
name = "potential_utf"
version = "0.1.5"
source = "registry+https://github.com/rust-lang/crates.io-index"
checksum = "0103b1cef7ec0cf76490e969665504990193874ea05c85ff9bab8b911d0a0564"
dependencies = [
 "zerovec",
]

[[package]]
name = "powerfmt"
version = "0.2.0"
source = "registry+https://github.com/rust-lang/crates.io-index"
checksum = "439ee305def115ba05938db6eb1644ff94165c5ab5e9420d1c1bcedbba909391"

[[package]]
name = "proc-macro2"
version = "1.0.106"
source = "registry+https://github.com/rust-lang/crates.io-index"
checksum = "8fd00f0bb2e90d81d1044c2b32617f68fcb9fa3bb7640c23e9c748e53fb30934"
dependencies = [
 "unicode-ident",
]

[[package]]
name = "pulldown-cmark"
version = "0.9.6"
source = "registry+https://github.com/rust-lang/crates.io-index"
checksum = "57206b407293d2bcd3af849ce869d52068623f19e1b5ff8e8778e3309439682b"
dependencies = [
 "bitflags",
 "memchr",
 "unicase",
]

[[package]]
name = "pulldown-cmark-to-cmark"
version = "10.0.4"
source = "registry+https://github.com/rust-lang/crates.io-index"
checksum = "0194e6e1966c23cc5fd988714f85b18d548d773e81965413555d96569931833d"
dependencies = [
 "pulldown-cmark",
]

[[package]]
name = "quote"
version = "1.0.46"
source = "registry+https://github.com/rust-lang/crates.io-index"
checksum = "dfbc457d0c7a0759a614551b11a6409e5951f6c7537be1f1b7682b9ae9230368"
dependencies = [
 "proc-macro2",
]

[[package]]
name = "ra-ap-rustc_abi"
version = "0.160.0"
source = "registry+https://github.com/rust-lang/crates.io-index"
checksum = "4b917ab47d7036977be4c984321af3e0de089229404d68ea9a286f50aa464697"
dependencies = [
 "bitflags",
 "ra-ap-rustc_hashes",
 "ra-ap-rustc_index",
 "tracing",
]

[[package]]
name = "ra-ap-rustc_ast_ir"
version = "0.160.0"
source = "registry+https://github.com/rust-lang/crates.io-index"
checksum = "021d80bea67458b8c90cc25bfdca6f911ea818a41905e370c1f310cced1dd07e"

[[package]]
name = "ra-ap-rustc_hashes"
version = "0.160.0"
source = "registry+https://github.com/rust-lang/crates.io-index"
checksum = "8bb89395306ecfc980d252f77a4038d8b8bb578a25c856b545cbeeb3fde8358e"
dependencies = [
 "rustc-stable-hash",
]

[[package]]
name = "ra-ap-rustc_index"
version = "0.160.0"
source = "registry+https://github.com/rust-lang/crates.io-index"
checksum = "84219d028a1954c4340ddde11adffe93eb83e476e942718fe926f4d99637cbbe"
dependencies = [
 "ra-ap-rustc_index_macros",
]

[[package]]
name = "ra-ap-rustc_index_macros"
version = "0.160.0"
source = "registry+https://github.com/rust-lang/crates.io-index"
checksum = "3908fdfa258c663d8ee407e6b4a205b0880e323b533c0df7edceafbd54a02fb6"
dependencies = [
 "proc-macro2",
 "quote",
 "syn",
]

[[package]]
name = "ra-ap-rustc_lexer"
version = "0.160.0"
source = "registry+https://github.com/rust-lang/crates.io-index"
checksum = "34b50f19d5856b8e2b36150e89b53a6102ab096e8044e1f55fd6fef977b10d85"
dependencies = [
 "memchr",
 "unicode-ident",
 "unicode-properties",
]

[[package]]
name = "ra-ap-rustc_next_trait_solver"
version = "0.160.0"
source = "registry+https://github.com/rust-lang/crates.io-index"
checksum = "76f83dcc451bcee8a99e284a583d5b3d82db5a200107a256a40ef132c4988f1b"
dependencies = [
 "derive-where",
 "ra-ap-rustc_index",
 "ra-ap-rustc_type_ir",
 "ra-ap-rustc_type_ir_macros",
 "tracing",
]

[[package]]
name = "ra-ap-rustc_parse_format"
version = "0.160.0"
source = "registry+https://github.com/rust-lang/crates.io-index"
checksum = "f31236bdc6cbcae8af42d0b2db2fa8d812a8715b90a2ba5afb1132b37a4d0bbc"
dependencies = [
 "ra-ap-rustc_lexer",
 "rustc-literal-escaper 0.0.7",
]

[[package]]
name = "ra-ap-rustc_pattern_analysis"
version = "0.160.0"
source = "registry+https://github.com/rust-lang/crates.io-index"
checksum = "3fc4edac740e896fba4b3b4d9c423083e3eac49947732561ddfb2377e1f57829"
dependencies = [
 "ra-ap-rustc_index",
 "rustc-hash 2.1.3",
 "rustc_apfloat",
 "smallvec",
 "tracing",
]

[[package]]
name = "ra-ap-rustc_type_ir"
version = "0.160.0"
source = "registry+https://github.com/rust-lang/crates.io-index"
checksum = "8efa119afc1bcadd821b27aa94332abf79c48ac0a972cb78932f63004ba4cdd9"
dependencies = [
 "arrayvec",
 "bitflags",
 "derive-where",
 "ena",
 "indexmap",
 "ra-ap-rustc_abi",
 "ra-ap-rustc_ast_ir",
 "ra-ap-rustc_index",
 "ra-ap-rustc_type_ir_macros",
 "rustc-hash 2.1.3",
 "smallvec",
 "thin-vec",
 "tracing",
]

[[package]]
name = "ra-ap-rustc_type_ir_macros"
version = "0.160.0"
source = "registry+https://github.com/rust-lang/crates.io-index"
checksum = "e6b1dc03abfabc7179393c282892c73a3f0e4bbd5f0b6c87ff42c2b142e68f57"
dependencies = [
 "proc-macro2",
 "quote",
 "syn",
 "synstructure",
]

[[package]]
name = "ra_ap_base_db"
version = "0.0.331"
source = "registry+https://github.com/rust-lang/crates.io-index"
checksum = "51c54d9467f4e7d88c0931de78c377b1b84277fca53e2dd655961607643fb77b"
dependencies = [
 "dashmap",
 "indexmap",
 "la-arena",
 "ra_ap_cfg",
 "ra_ap_intern",
 "ra_ap_query-group-macro",
 "ra_ap_span",
 "ra_ap_syntax",
 "ra_ap_vfs",
 "rustc-hash 2.1.3",
 "salsa",
 "salsa-macros",
 "semver",
 "tracing",
 "triomphe",
]

[[package]]
name = "ra_ap_cfg"
version = "0.0.331"
source = "registry+https://github.com/rust-lang/crates.io-index"
checksum = "1c49485b5a4fb4a0a254a5720d4f5fca8150f78a4063e9447f4e802714cbb57c"
dependencies = [
 "ra_ap_intern",
 "ra_ap_syntax",
 "ra_ap_tt",
 "rustc-hash 2.1.3",
 "tracing",
]

[[package]]
name = "ra_ap_edition"
version = "0.0.331"
source = "registry+https://github.com/rust-lang/crates.io-index"
checksum = "60674fb53a5284daa0c3285abad4fa2b12d57307d2ac9c3fa39635c2c700079b"

[[package]]
name = "ra_ap_hir"
version = "0.0.331"
source = "registry+https://github.com/rust-lang/crates.io-index"
checksum = "19622612bed254e3770a2e1ae3cf982710c2af113a3972ebda717c46d27832d1"
dependencies = [
 "arrayvec",
 "either",
 "itertools",
 "la-arena",
 "ra-ap-rustc_type_ir",
 "ra_ap_base_db",
 "ra_ap_cfg",
 "ra_ap_hir_def",
 "ra_ap_hir_expand",
 "ra_ap_hir_ty",
 "ra_ap_intern",
 "ra_ap_span",
 "ra_ap_stdx",
 "ra_ap_syntax",
 "ra_ap_tt",
 "rustc-hash 2.1.3",
 "serde_json",
 "smallvec",
 "tracing",
 "triomphe",
]

[[package]]
name = "ra_ap_hir_def"
version = "0.0.331"
source = "registry+https://github.com/rust-lang/crates.io-index"
checksum = "148cd57208fa2c9c44aacd51733ddbf3a5b2b112f9e7a12623f6e58ca96565ee"
dependencies = [
 "arrayvec",
 "bitflags",
 "cov-mark",
 "drop_bomb",
 "either",
 "fst",
 "indexmap",
 "itertools",
 "la-arena",
 "ra-ap-rustc_abi",
 "ra-ap-rustc_parse_format",
 "ra_ap_base_db",
 "ra_ap_cfg",
 "ra_ap_hir_expand",
 "ra_ap_intern",
 "ra_ap_query-group-macro",
 "ra_ap_span",
 "ra_ap_stdx",
 "ra_ap_syntax",
 "ra_ap_syntax-bridge",
 "ra_ap_tt",
 "rustc-hash 2.1.3",
 "rustc_apfloat",
 "salsa",
 "salsa-macros",
 "smallvec",
 "thin-vec",
 "tracing",
 "triomphe",
]

[[package]]
name = "ra_ap_hir_expand"
version = "0.0.331"
source = "registry+https://github.com/rust-lang/crates.io-index"
checksum = "937413009c5e860c706a2c0f3e2518cae142ff881581b2499e4ae1f24f62145f"
dependencies = [
 "cov-mark",
 "either",
 "itertools",
 "ra_ap_base_db",
 "ra_ap_cfg",
 "ra_ap_intern",
 "ra_ap_mbe",
 "ra_ap_parser",
 "ra_ap_query-group-macro",
 "ra_ap_span",
 "ra_ap_stdx",
 "ra_ap_syntax",
 "ra_ap_syntax-bridge",
 "ra_ap_tt",
 "rustc-hash 2.1.3",
 "salsa",
 "salsa-macros",
 "smallvec",
 "thin-vec",
 "tracing",
 "triomphe",
]

[[package]]
name = "ra_ap_hir_ty"
version = "0.0.331"
source = "registry+https://github.com/rust-lang/crates.io-index"
checksum = "69667a5823af9f7fd0f0eb9b1ca79c8355f1ca72549205643fc03cff4d2a178d"
dependencies = [
 "arrayvec",
 "bitflags",
 "cov-mark",
 "either",
 "ena",
 "indexmap",
 "itertools",
 "la-arena",
 "oorandom",
 "petgraph",
 "ra-ap-rustc_abi",
 "ra-ap-rustc_ast_ir",
 "ra-ap-rustc_index",
 "ra-ap-rustc_next_trait_solver",
 "ra-ap-rustc_pattern_analysis",
 "ra-ap-rustc_type_ir",
 "ra_ap_base_db",
 "ra_ap_hir_def",
 "ra_ap_hir_expand",
 "ra_ap_intern",
 "ra_ap_macros",
 "ra_ap_query-group-macro",
 "ra_ap_span",
 "ra_ap_stdx",
 "ra_ap_syntax",
 "rustc-hash 2.1.3",
 "rustc_apfloat",
 "salsa",
 "salsa-macros",
 "serde",
 "serde_derive",
 "smallvec",
 "thin-vec",
 "tracing",
 "tracing-subscriber",
 "tracing-tree",
 "triomphe",
 "typed-arena",
]

[[package]]
name = "ra_ap_ide"
version = "0.0.331"
source = "registry+https://github.com/rust-lang/crates.io-index"
checksum = "31442e422bc662395f356f1b7e0027395a94f655cfc444c53c8baf876a077253"
dependencies = [
 "arrayvec",
 "cov-mark",
 "dot",
 "either",
 "itertools",
 "nohash-hasher",
 "oorandom",
 "pulldown-cmark",
 "pulldown-cmark-to-cmark",
 "ra_ap_cfg",
 "ra_ap_hir",
 "ra_ap_ide_assists",
 "ra_ap_ide_completion",
 "ra_ap_ide_db",
 "ra_ap_ide_diagnostics",
 "ra_ap_ide_ssr",
 "ra_ap_macros",
 "ra_ap_profile",
 "ra_ap_span",
 "ra_ap_stdx",
 "ra_ap_syntax",
 "ra_ap_toolchain",
 "rustc_apfloat",
 "smallvec",
 "tracing",
 "triomphe",
 "url",
]

[[package]]
name = "ra_ap_ide_assists"
version = "0.0.331"
source = "registry+https://github.com/rust-lang/crates.io-index"
checksum = "1633524e145ad3ed69f1be6f1af2d79ff300b6283a40c1c92e3ab1f3e0245d3c"
dependencies = [
 "cov-mark",
 "either",
 "itertools",
 "ra_ap_hir",
 "ra_ap_ide_db",
 "ra_ap_stdx",
 "ra_ap_syntax",
 "smallvec",
 "tracing",
]

[[package]]
name = "ra_ap_ide_completion"
version = "0.0.331"
source = "registry+https://github.com/rust-lang/crates.io-index"
checksum = "ae11a1429638d14a5943f534614f5ac39d97f0b7d96ba095c75c343cd9bc9689"
dependencies = [
 "cov-mark",
 "itertools",
 "ra_ap_base_db",
 "ra_ap_hir",
 "ra_ap_ide_db",
 "ra_ap_macros",
 "ra_ap_stdx",
 "ra_ap_syntax",
 "smallvec",
 "tracing",
]

[[package]]
name = "ra_ap_ide_db"
version = "0.0.331"
source = "registry+https://github.com/rust-lang/crates.io-index"
checksum = "cbdfafd6a1765fc40c9e8827ff0e30c60fd3734f8ed2f0f37d02dd0eb21ad492"
dependencies = [
 "arrayvec",
 "bitflags",
 "cov-mark",
 "crossbeam-channel",
 "either",
 "fst",
 "itertools",
 "line-index",
 "memchr",
 "nohash-hasher",
 "ra_ap_base_db",
 "ra_ap_hir",
 "ra_ap_macros",
 "ra_ap_parser",
 "ra_ap_profile",
 "ra_ap_span",
 "ra_ap_stdx",
 "ra_ap_syntax",
 "ra_ap_test_fixture",
 "ra_ap_test_utils",
 "ra_ap_vfs",
 "rayon",
 "rustc-hash 2.1.3",
 "salsa",
 "salsa-macros",
 "smallvec",
 "tracing",
 "triomphe",
]

[[package]]
name = "ra_ap_ide_diagnostics"
version = "0.0.331"
source = "registry+https://github.com/rust-lang/crates.io-index"
checksum = "989f4946f92e3b83c53a4a1cbab07532fe2211c5eb8301faea684979ddb300f5"
dependencies = [
 "cov-mark",
 "either",
 "itertools",
 "ra_ap_cfg",
 "ra_ap_hir",
 "ra_ap_ide_db",
 "ra_ap_paths",
 "ra_ap_stdx",
 "ra_ap_syntax",
 "serde_json",
 "tracing",
]

[[package]]
name = "ra_ap_ide_ssr"
version = "0.0.331"
source = "registry+https://github.com/rust-lang/crates.io-index"
checksum = "6be60e5436583a6ac94abfbfefaf54c531f2f053c23a8876366b992846a77290"
dependencies = [
 "cov-mark",
 "itertools",
 "ra_ap_hir",
 "ra_ap_ide_db",
 "ra_ap_parser",
 "ra_ap_syntax",
]

[[package]]
name = "ra_ap_intern"
version = "0.0.331"
source = "registry+https://github.com/rust-lang/crates.io-index"
checksum = "fe2a66a16a84182b1f57b1491162ec304c39c205175ab94489545350db8358de"
dependencies = [
 "dashmap",
 "hashbrown 0.14.5",
 "rayon",
 "rustc-hash 2.1.3",
 "triomphe",
]

[[package]]
name = "ra_ap_macros"
version = "0.0.331"
source = "registry+https://github.com/rust-lang/crates.io-index"
checksum = "3f5a5d17e69f622328dd729e65b0957acb869347ef6a2d990476472e36ae9acd"
dependencies = [
 "proc-macro2",
 "quote",
 "syn",
 "synstructure",
]

[[package]]
name = "ra_ap_mbe"
version = "0.0.331"
source = "registry+https://github.com/rust-lang/crates.io-index"
checksum = "29cfd8d33140f4cb2458946a3acef77230f99198d20d0d0a6da2746be7ba740d"
dependencies = [
 "arrayvec",
 "bitflags",
 "cov-mark",
 "ra-ap-rustc_lexer",
 "ra_ap_intern",
 "ra_ap_parser",
 "ra_ap_span",
 "ra_ap_stdx",
 "ra_ap_syntax-bridge",
 "ra_ap_tt",
 "rustc-hash 2.1.3",
 "salsa",
 "smallvec",
]

[[package]]
name = "ra_ap_parser"
version = "0.0.331"
source = "registry+https://github.com/rust-lang/crates.io-index"
checksum = "607f4f9680c033af2712bb4fbd874904abf73f062224f96a13493f23911356b6"
dependencies = [
 "drop_bomb",
 "ra-ap-rustc_lexer",
 "ra_ap_edition",
 "rustc-literal-escaper 0.0.4",
 "tracing",
 "winnow",
]

[[package]]
name = "ra_ap_paths"
version = "0.0.331"
source = "registry+https://github.com/rust-lang/crates.io-index"
checksum = "84f9313ecd7bb1deec52c2b361db33fa95f685cd15d596018e0a0862be2c7ca0"
dependencies = [
 "camino",
]

[[package]]
name = "ra_ap_profile"
version = "0.0.331"
source = "registry+https://github.com/rust-lang/crates.io-index"
checksum = "18cd1944b80cfba5fa3b0275e37008f450c73ae9f6a5c5582aac7a3503217c0b"
dependencies = [
 "cfg-if",
 "libc",
 "perf-event",
 "windows-sys",
]

[[package]]
name = "ra_ap_query-group-macro"
version = "0.0.331"
source = "registry+https://github.com/rust-lang/crates.io-index"
checksum = "41f8f5e774880cc4739c2542c83d591c10d9199053a1f9c88c12f438933740b3"
dependencies = [
 "proc-macro2",
 "quote",
 "syn",
]

[[package]]
name = "ra_ap_span"
version = "0.0.331"
source = "registry+https://github.com/rust-lang/crates.io-index"
checksum = "8332647ce87e69f764e58a69042ee2ee29470dbc2bca8669f97f8d610beaa1f7"
dependencies = [
 "hashbrown 0.14.5",
 "la-arena",
 "ra_ap_stdx",
 "ra_ap_syntax",
 "ra_ap_vfs",
 "rustc-hash 2.1.3",
 "salsa",
 "text-size",
]

[[package]]
name = "ra_ap_stdx"
version = "0.0.331"
source = "registry+https://github.com/rust-lang/crates.io-index"
checksum = "e0ebcaa9da49ee86809a3c5ff57c0af35530951ded4e7aad371839f173da7ef7"
dependencies = [
 "crossbeam-channel",
 "crossbeam-utils",
 "itertools",
 "jod-thread",
 "libc",
 "miow",
 "tracing",
 "windows-sys",
]

[[package]]
name = "ra_ap_syntax"
version = "0.0.331"
source = "registry+https://github.com/rust-lang/crates.io-index"
checksum = "3a584372630d85436a206d362b26e5156367f348043151b132011f360c63fa18"
dependencies = [
 "either",
 "itertools",
 "ra_ap_parser",
 "ra_ap_stdx",
 "rowan",
 "rustc-hash 2.1.3",
 "rustc-literal-escaper 0.0.4",
 "smallvec",
 "smol_str",
 "tracing",
 "triomphe",
]

[[package]]
name = "ra_ap_syntax-bridge"
version = "0.0.331"
source = "registry+https://github.com/rust-lang/crates.io-index"
checksum = "1985d0586c81dbf00ced077dc74accce8b24c2eadb2b70f997041794b1a76155"
dependencies = [
 "ra_ap_intern",
 "ra_ap_parser",
 "ra_ap_span",
 "ra_ap_stdx",
 "ra_ap_syntax",
 "ra_ap_tt",
 "rustc-hash 2.1.3",
]

[[package]]
name = "ra_ap_test_fixture"
version = "0.0.331"
source = "registry+https://github.com/rust-lang/crates.io-index"
checksum = "ce109a8fac5fc8c8e6ab8330a166fc987ef2315e36d84a6e002d3fa66746b186"
dependencies = [
 "ra_ap_base_db",
 "ra_ap_cfg",
 "ra_ap_hir_expand",
 "ra_ap_intern",
 "ra_ap_paths",
 "ra_ap_span",
 "ra_ap_stdx",
 "ra_ap_test_utils",
 "ra_ap_tt",
 "triomphe",
]

[[package]]
name = "ra_ap_test_utils"
version = "0.0.331"
source = "registry+https://github.com/rust-lang/crates.io-index"
checksum = "18ee12f1fccd413eaf534d28e07c0402a610a3f17d77de5383a9c86784159445"
dependencies = [
 "dissimilar",
 "ra_ap_paths",
 "ra_ap_profile",
 "ra_ap_stdx",
 "rustc-hash 2.1.3",
 "text-size",
]

[[package]]
name = "ra_ap_toolchain"
version = "0.0.331"
source = "registry+https://github.com/rust-lang/crates.io-index"
checksum = "e966f839e4970a55b347466222dea1b00a8d2e7911c825897054562174dfa6c9"
dependencies = [
 "camino",
 "home",
]

[[package]]
name = "ra_ap_tt"
version = "0.0.331"
source = "registry+https://github.com/rust-lang/crates.io-index"
checksum = "0df79a4b9821487ecb3be9ada3f8a4432e59d329dcc488a7a1d6a36686a0b7bb"
dependencies = [
 "arrayvec",
 "indexmap",
 "ra-ap-rustc_lexer",
 "ra_ap_intern",
 "ra_ap_span",
 "ra_ap_stdx",
 "rustc-hash 2.1.3",
 "text-size",
]

[[package]]
name = "ra_ap_vfs"
version = "0.0.331"
source = "registry+https://github.com/rust-lang/crates.io-index"
checksum = "7867f6c4e56e54304e24eb7c422f67bc75034fb3b59b013736668043e13fbd3f"
dependencies = [
 "crossbeam-channel",
 "fst",
 "indexmap",
 "nohash-hasher",
 "ra_ap_paths",
 "ra_ap_stdx",
 "rustc-hash 2.1.3",
 "tracing",
]

[[package]]
name = "rayon"
version = "1.12.0"
source = "registry+https://github.com/rust-lang/crates.io-index"
checksum = "fb39b166781f92d482534ef4b4b1b2568f42613b53e5b6c160e24cfbfa30926d"
dependencies = [
 "either",
 "rayon-core",
]

[[package]]
name = "rayon-core"
version = "1.13.0"
source = "registry+https://github.com/rust-lang/crates.io-index"
checksum = "22e18b0f0062d30d4230b2e85ff77fdfe4326feb054b9783a3460d8435c8ab91"
dependencies = [
 "crossbeam-deque",
 "crossbeam-utils",
]

[[package]]
name = "redox_syscall"
version = "0.5.18"
source = "registry+https://github.com/rust-lang/crates.io-index"
checksum = "ed2bf2547551a7053d6fdfafda3f938979645c44812fbfcda098faae3f1a362d"
dependencies = [
 "bitflags",
]

[[package]]
name = "rowan"
version = "0.15.18"
source = "registry+https://github.com/rust-lang/crates.io-index"
checksum = "62f509095fc8cc0c8c8564016771d458079c11a8d857e65861f045145c0d3208"
dependencies = [
 "countme",
 "hashbrown 0.14.5",
 "memoffset",
 "rustc-hash 1.1.0",
 "text-size",
]

[[package]]
name = "rustc-hash"
version = "1.1.0"
source = "registry+https://github.com/rust-lang/crates.io-index"
checksum = "08d43f7aa6b08d49f382cde6a7982047c3426db949b1424bc4b7ec9ae12c6ce2"

[[package]]
name = "rustc-hash"
version = "2.1.3"
source = "registry+https://github.com/rust-lang/crates.io-index"
checksum = "6b1e7f9a428571be2dc5bc0505c13fb6bf936822b894ec87abf8a08a4e51742d"

[[package]]
name = "rustc-literal-escaper"
version = "0.0.4"
source = "registry+https://github.com/rust-lang/crates.io-index"
checksum = "ab03008eb631b703dd16978282ae36c73282e7922fe101a4bd072a40ecea7b8b"

[[package]]
name = "rustc-literal-escaper"
version = "0.0.7"
source = "registry+https://github.com/rust-lang/crates.io-index"
checksum = "8be87abb9e40db7466e0681dc8ecd9dcfd40360cb10b4c8fe24a7c4c3669b198"

[[package]]
name = "rustc-stable-hash"
version = "0.1.2"
source = "registry+https://github.com/rust-lang/crates.io-index"
checksum = "781442f29170c5c93b7185ad559492601acdc71d5bb0706f5868094f45cfcd08"

[[package]]
name = "rustc_apfloat"
version = "0.2.3+llvm-462a31f5a5ab"
source = "registry+https://github.com/rust-lang/crates.io-index"
checksum = "486c2179b4796f65bfe2ee33679acf0927ac83ecf583ad6c91c3b4570911b9ad"
dependencies = [
 "bitflags",
 "smallvec",
]

[[package]]
name = "rustversion"
version = "1.0.22"
source = "registry+https://github.com/rust-lang/crates.io-index"
checksum = "b39cdef0fa800fc44525c84ccb54a029961a8215f9619753635a9c0d2538d46d"

[[package]]
name = "salsa"
version = "0.26.2"
source = "registry+https://github.com/rust-lang/crates.io-index"
checksum = "4612ff789805e65c87e9b38cb749a293212a615af065bed8a2001086801498c3"
dependencies = [
 "boxcar",
 "crossbeam-queue",
 "crossbeam-utils",
 "hashbrown 0.17.1",
 "hashlink",
 "indexmap",
 "intrusive-collections",
 "inventory",
 "parking_lot",
 "portable-atomic",
 "rayon",
 "rustc-hash 2.1.3",
 "salsa-macro-rules",
 "salsa-macros",
 "smallvec",
 "thin-vec",
 "tracing",
 "typeid",
]

[[package]]
name = "salsa-macro-rules"
version = "0.26.2"
source = "registry+https://github.com/rust-lang/crates.io-index"
checksum = "58e354cbac6939b9b09cd9c11fb419a53e64b4a0f755d929f56a09f4cc752e41"

[[package]]
name = "salsa-macros"
version = "0.26.2"
source = "registry+https://github.com/rust-lang/crates.io-index"
checksum = "3067861075c2b80608f84ad49fb88f2c7610b94cdf8b4201e79ddee87f8980c8"
dependencies = [
 "proc-macro2",
 "quote",
 "syn",
 "synstructure",
]

[[package]]
name = "scopeguard"
version = "1.2.0"
source = "registry+https://github.com/rust-lang/crates.io-index"
checksum = "94143f37725109f92c262ed2cf5e59bce7498c01bcc1502d7b9afe439a4e9f49"

[[package]]
name = "semver"
version = "1.0.28"
source = "registry+https://github.com/rust-lang/crates.io-index"
checksum = "8a7852d02fc848982e0c167ef163aaff9cd91dc640ba85e263cb1ce46fae51cd"

[[package]]
name = "serde"
version = "1.0.228"
source = "registry+https://github.com/rust-lang/crates.io-index"
checksum = "9a8e94ea7f378bd32cbbd37198a4a91436180c5bb472411e48b5ec2e2124ae9e"
dependencies = [
 "serde_core",
]

[[package]]
name = "serde_core"
version = "1.0.228"
source = "registry+https://github.com/rust-lang/crates.io-index"
checksum = "41d385c7d4ca58e59fc732af25c3983b67ac852c1a25000afe1175de458b67ad"
dependencies = [
 "serde_derive",
]

[[package]]
name = "serde_derive"
version = "1.0.228"
source = "registry+https://github.com/rust-lang/crates.io-index"
checksum = "d540f220d3187173da220f885ab66608367b6574e925011a9353e4badda91d79"
dependencies = [
 "proc-macro2",
 "quote",
 "syn",
]

[[package]]
name = "serde_json"
version = "1.0.150"
source = "registry+https://github.com/rust-lang/crates.io-index"
checksum = "e8014e44b4736ed0538adeecded0fce2a272f22dc9578a7eb6b2d9993c74cfb9"
dependencies = [
 "itoa",
 "memchr",
 "serde",
 "serde_core",
 "zmij",
]

[[package]]
name = "sharded-slab"
version = "0.1.7"
source = "registry+https://github.com/rust-lang/crates.io-index"
checksum = "f40ca3c46823713e0d4209592e8d6e826aa57e928f09752619fc696c499637f6"
dependencies = [
 "lazy_static",
]

[[package]]
name = "smallvec"
version = "1.15.2"
source = "registry+https://github.com/rust-lang/crates.io-index"
checksum = "8ed6a63f02c8539c91a8685a86f4099661ba3da017932f6ebbea6de3f0fa7c90"

[[package]]
name = "smol_str"
version = "0.3.6"
source = "registry+https://github.com/rust-lang/crates.io-index"
checksum = "4aaa7368fcf4852a4c2dd92df0cace6a71f2091ca0a23391ce7f3a31833f1523"
dependencies = [
 "borsh",
 "serde_core",
]

[[package]]
name = "stable_deref_trait"
version = "1.2.1"
source = "registry+https://github.com/rust-lang/crates.io-index"
checksum = "6ce2be8dc25455e1f91df71bfa12ad37d7af1092ae736f3a6cd0e37bc7810596"

[[package]]
name = "syn"
version = "2.0.118"
source = "registry+https://github.com/rust-lang/crates.io-index"
checksum = "1b9ae57f904213ebb649ce6895b8a66c66f0203b9319718f69a5612a065b1422"
dependencies = [
 "proc-macro2",
 "quote",
 "unicode-ident",
]

[[package]]
name = "synstructure"
version = "0.13.2"
source = "registry+https://github.com/rust-lang/crates.io-index"
checksum = "728a70f3dbaf5bab7f0c4b1ac8d7ae5ea60a4b5549c8a5914361c99147a709d2"
dependencies = [
 "proc-macro2",
 "quote",
 "syn",
]

[[package]]
name = "text-size"
version = "1.1.1"
source = "registry+https://github.com/rust-lang/crates.io-index"
checksum = "f18aa187839b2bdb1ad2fa35ead8c4c2976b64e4363c386d45ac0f7ee85c9233"

[[package]]
name = "thin-vec"
version = "0.2.18"
source = "registry+https://github.com/rust-lang/crates.io-index"
checksum = "b0f7e269b48f0a7dd0146680fa24b50cc67fc0373f086a5b2f99bd084639b482"

[[package]]
name = "thread_local"
version = "1.1.9"
source = "registry+https://github.com/rust-lang/crates.io-index"
checksum = "f60246a4944f24f6e018aa17cdeffb7818b76356965d03b07d6a9886e8962185"
dependencies = [
 "cfg-if",
]

[[package]]
name = "time"
version = "0.3.53"
source = "registry+https://github.com/rust-lang/crates.io-index"
checksum = "18dfaaeddcb932337b5e7866ee7d0ce9b76d2fd092997146f187ec09b4558a50"
dependencies = [
 "deranged",
 "libc",
 "num-conv",
 "num_threads",
 "powerfmt",
 "serde_core",
 "time-core",
 "time-macros",
]

[[package]]
name = "time-core"
version = "0.1.9"
source = "registry+https://github.com/rust-lang/crates.io-index"
checksum = "9e1c906769ad99c88eaa54e728060edef082f8e358ff32030cb7c7d315e81109"

[[package]]
name = "time-macros"
version = "0.2.31"
source = "registry+https://github.com/rust-lang/crates.io-index"
checksum = "c431b87111666e491a90baa837f914fb45cd5dc3c268591b0220ff5057f2085f"
dependencies = [
 "num-conv",
 "time-core",
]

[[package]]
name = "tinystr"
version = "0.8.3"
source = "registry+https://github.com/rust-lang/crates.io-index"
checksum = "c8323304221c2a851516f22236c5722a72eaa19749016521d6dff0824447d96d"
dependencies = [
 "displaydoc",
 "zerovec",
]

[[package]]
name = "tracing"
version = "0.1.44"
source = "registry+https://github.com/rust-lang/crates.io-index"
checksum = "63e71662fa4b2a2c3a26f570f037eb95bb1f85397f3cd8076caed2f026a6d100"
dependencies = [
 "pin-project-lite",
 "tracing-attributes",
 "tracing-core",
]

[[package]]
name = "tracing-attributes"
version = "0.1.31"
source = "registry+https://github.com/rust-lang/crates.io-index"
checksum = "7490cfa5ec963746568740651ac6781f701c9c5ea257c58e057f3ba8cf69e8da"
dependencies = [
 "proc-macro2",
 "quote",
 "syn",
]

[[package]]
name = "tracing-core"
version = "0.1.36"
source = "registry+https://github.com/rust-lang/crates.io-index"
checksum = "db97caf9d906fbde555dd62fa95ddba9eecfd14cb388e4f491a66d74cd5fb79a"
dependencies = [
 "once_cell",
 "valuable",
]

[[package]]
name = "tracing-log"
version = "0.2.0"
source = "registry+https://github.com/rust-lang/crates.io-index"
checksum = "ee855f1f400bd0e5c02d150ae5de3840039a3f54b025156404e34c23c03f47c3"
dependencies = [
 "log",
 "once_cell",
 "tracing-core",
]

[[package]]
name = "tracing-subscriber"
version = "0.3.23"
source = "registry+https://github.com/rust-lang/crates.io-index"
checksum = "cb7f578e5945fb242538965c2d0b04418d38ec25c79d160cd279bf0731c8d319"
dependencies = [
 "sharded-slab",
 "thread_local",
 "time",
 "tracing-core",
 "tracing-log",
]

[[package]]
name = "tracing-tree"
version = "0.4.1"
source = "registry+https://github.com/rust-lang/crates.io-index"
checksum = "ac87aa03b6a4d5a7e4810d1a80c19601dbe0f8a837e9177f23af721c7ba7beec"
dependencies = [
 "nu-ansi-term",
 "tracing-core",
 "tracing-log",
 "tracing-subscriber",
]

[[package]]
name = "triomphe"
version = "0.1.16"
source = "registry+https://github.com/rust-lang/crates.io-index"
checksum = "b40688ea6389c8171614b25491f71d4a27946e0c7ce2da1c6de27e25abf1a0ae"
dependencies = [
 "serde",
 "stable_deref_trait",
]

[[package]]
name = "typed-arena"
version = "2.0.2"
source = "registry+https://github.com/rust-lang/crates.io-index"
checksum = "6af6ae20167a9ece4bcb41af5b80f8a1f1df981f6391189ce00fd257af04126a"

[[package]]
name = "typeid"
version = "1.0.3"
source = "registry+https://github.com/rust-lang/crates.io-index"
checksum = "bc7d623258602320d5c55d1bc22793b57daff0ec7efc270ea7d55ce1d5f5471c"

[[package]]
name = "unicase"
version = "2.9.0"
source = "registry+https://github.com/rust-lang/crates.io-index"
checksum = "dbc4bc3a9f746d862c45cb89d705aa10f187bb96c76001afab07a0d35ce60142"

[[package]]
name = "unicode-ident"
version = "1.0.24"
source = "registry+https://github.com/rust-lang/crates.io-index"
checksum = "e6e4313cd5fcd3dad5cafa179702e2b244f760991f45397d14d4ebf38247da75"

[[package]]
name = "unicode-properties"
version = "0.1.4"
source = "registry+https://github.com/rust-lang/crates.io-index"
checksum = "7df058c713841ad818f1dc5d3fd88063241cc61f49f5fbea4b951e8cf5a8d71d"

[[package]]
name = "url"
version = "2.5.8"
source = "registry+https://github.com/rust-lang/crates.io-index"
checksum = "ff67a8a4397373c3ef660812acab3268222035010ab8680ec4215f38ba3d0eed"
dependencies = [
 "form_urlencoded",
 "idna",
 "percent-encoding",
 "serde",
]

[[package]]
name = "utf8_iter"
version = "1.0.4"
source = "registry+https://github.com/rust-lang/crates.io-index"
checksum = "b6c140620e7ffbb22c2dee59cafe6084a59b5ffc27a8859a5f0d494b5d52b6be"

[[package]]
name = "valuable"
version = "0.1.1"
source = "registry+https://github.com/rust-lang/crates.io-index"
checksum = "ba73ea9cf16a25df0c8caa16c51acb937d5712a8429db78a3ee29d5dcacd3a65"

[[package]]
name = "windows-link"
version = "0.2.1"
source = "registry+https://github.com/rust-lang/crates.io-index"
checksum = "f0805222e57f7521d6a62e36fa9163bc891acd422f971defe97d64e70d0a4fe5"

[[package]]
name = "windows-sys"
version = "0.61.2"
source = "registry+https://github.com/rust-lang/crates.io-index"
checksum = "ae137229bcbd6cdf0f7b80a31df61766145077ddf49416a728b02cb3921ff3fc"
dependencies = [
 "windows-link",
]

[[package]]
name = "winnow"
version = "0.7.15"
source = "registry+https://github.com/rust-lang/crates.io-index"
checksum = "df79d97927682d2fd8adb29682d1140b343be4ac0f08fd68b7765d9c059d3945"

[[package]]
name = "writeable"
version = "0.6.3"
source = "registry+https://github.com/rust-lang/crates.io-index"
checksum = "1ffae5123b2d3fc086436f8834ae3ab053a283cfac8fe0a0b8eaae044768a4c4"

[[package]]
name = "yoke"
version = "0.8.3"
source = "registry+https://github.com/rust-lang/crates.io-index"
checksum = "709fe23a0424b6a435d82152b1bd3fdfb0833487d5fa90d05d42762a9891fef5"
dependencies = [
 "stable_deref_trait",
 "yoke-derive",
 "zerofrom",
]

[[package]]
name = "yoke-derive"
version = "0.8.2"
source = "registry+https://github.com/rust-lang/crates.io-index"
checksum = "de844c262c8848816172cef550288e7dc6c7b7814b4ee56b3e1553f275f1858e"
dependencies = [
 "proc-macro2",
 "quote",
 "syn",
 "synstructure",
]

[[package]]
name = "zerofrom"
version = "0.1.8"
source = "registry+https://github.com/rust-lang/crates.io-index"
checksum = "0ec05a11813ea801ff6d75110ad09cd0824ddba17dfe17128ea0d5f68e6c5272"
dependencies = [
 "zerofrom-derive",
]

[[package]]
name = "zerofrom-derive"
version = "0.1.7"
source = "registry+https://github.com/rust-lang/crates.io-index"
checksum = "11532158c46691caf0f2593ea8358fed6bbf68a0315e80aae9bd41fbade684a1"
dependencies = [
 "proc-macro2",
 "quote",
 "syn",
 "synstructure",
]

[[package]]
name = "zerotrie"
version = "0.2.4"
source = "registry+https://github.com/rust-lang/crates.io-index"
checksum = "0f9152d31db0792fa83f70fb2f83148effb5c1f5b8c7686c3459e361d9bc20bf"
dependencies = [
 "displaydoc",
 "yoke",
 "zerofrom",
]

[[package]]
name = "zerovec"
version = "0.11.6"
source = "registry+https://github.com/rust-lang/crates.io-index"
checksum = "90f911cbc359ab6af17377d242225f4d75119aec87ea711a880987b18cd7b239"
dependencies = [
 "yoke",
 "zerofrom",
 "zerovec-derive",
]

[[package]]
name = "zerovec-derive"
version = "0.11.3"
source = "registry+https://github.com/rust-lang/crates.io-index"
checksum = "625dc425cab0dca6dc3c3319506e6593dcb08a9f387ea3b284dbd52a92c40555"
dependencies = [
 "proc-macro2",
 "quote",
 "syn",
]

[[package]]
name = "zmij"
version = "1.0.21"
source = "registry+https://github.com/rust-lang/crates.io-index"
checksum = "b8848ee67ecc8aedbaf3e4122217aff892639231befc6a1b58d29fff4c2cabaa"
